
Microsoft Visual Studio Solution File, Format Version 12.00
# Visual Studio Version 17
VisualStudioVersion = 17.12.35514.174
MinimumVisualStudioVersion = 10.0.40219.1
Project("{2150E333-8FDC-42A3-9474-1A3956D46DE8}") = "4.Game", "4.Game", "{96A8717A-941A-405A-BB51-8821BBD9816F}"
EndProject
Project("{2150E333-8FDC-42A3-9474-1A3956D46DE8}") = "0.EngineBase", "0.EngineBase", "{8491DB73-2721-487E-9480-FC59B0642739}"
EndProject
Project("{8BC9CEB8-8B4A-11D0-8D11-00A0C91BC942}") = "EngineBase", "EngineBase\EngineBase.vcxproj", "{70A0B62A-C306-458D-9CB0-A180E93B1252}"
EndProject
Project("{8BC9CEB8-8B4A-11D0-8D11-00A0C91BC942}") = "SANABI", "SANABI\SANABI.vcxproj", "{D8415984-23D9-4049-AEB3-1934B459CE22}"
	ProjectSection(ProjectDependencies) = postProject
		{18514841-14FE-4211-92ED-821E2A5CB586} = {18514841-14FE-4211-92ED-821E2A5CB586}
		{4FBA407C-D3BC-414D-96D8-4496526388C1} = {4FBA407C-D3BC-414D-96D8-4496526388C1}
		{70A0B62A-C306-458D-9CB0-A180E93B1252} = {70A0B62A-C306-458D-9CB0-A180E93B1252}
		{DBFF6F8F-40A7-4CF4-81A8-74A35183DC1E} = {DBFF6F8F-40A7-4CF4-81A8-74A35183DC1E}
	EndProjectSection
EndProject
Project("{2150E333-8FDC-42A3-9474-1A3956D46DE8}") = "1.EnginePlatform", "1.EnginePlatform", "{16D58D49-F508-475F-88BF-02901C2C4F2A}"
EndProject
Project("{2150E333-8FDC-42A3-9474-1A3956D46DE8}") = "2.EngineCore", "2.EngineCore", "{91CA3731-5E42-475B-BDC0-C8C675D3267F}"
EndProject
Project("{2150E333-8FDC-42A3-9474-1A3956D46DE8}") = "3.EngineContents", "3.EngineContents", "{DDA6B5B3-7598-4764-A4B6-D1B68725CADE}"
EndProject
Project("{8BC9CEB8-8B4A-11D0-8D11-00A0C91BC942}") = "EnginePlatform", "EnginePlatform\EnginePlatform.vcxproj", "{DBFF6F8F-40A7-4CF4-81A8-74A35183DC1E}"
	ProjectSection(ProjectDependencies) = postProject
		{70A0B62A-C306-458D-9CB0-A180E93B1252} = {70A0B62A-C306-458D-9CB0-A180E93B1252}
	EndProjectSection
EndProject
Project("{8BC9CEB8-8B4A-11D0-8D11-00A0C91BC942}") = "EngineCore", "EngineCore\EngineCore.vcxproj", "{4FBA407C-D3BC-414D-96D8-4496526388C1}"
	ProjectSection(ProjectDependencies) = postProject
		{70A0B62A-C306-458D-9CB0-A180E93B1252} = {70A0B62A-C306-458D-9CB0-A180E93B1252}
		{DBFF6F8F-40A7-4CF4-81A8-74A35183DC1E} = {DBFF6F8F-40A7-4CF4-81A8-74A35183DC1E}
	EndProjectSection
EndProject
Project("{8BC9CEB8-8B4A-11D0-8D11-00A0C91BC942}") = "EngineContents", "EngineContents\EngineContents.vcxproj", "{18514841-14FE-4211-92ED-821E2A5CB586}"
	ProjectSection(ProjectDependencies) = postProject
		{4FBA407C-D3BC-414D-96D8-4496526388C1} = {4FBA407C-D3BC-414D-96D8-4496526388C1}
		{70A0B62A-C306-458D-9CB0-A180E93B1252} = {70A0B62A-C306-458D-9CB0-A180E93B1252}
		{DBFF6F8F-40A7-4CF4-81A8-74A35183DC1E} = {DBFF6F8F-40A7-4CF4-81A8-74A35183DC1E}
	EndProjectSection
EndProject
Global
	GlobalSection(SolutionConfigurationPlatforms) = preSolution
		Debug|x64 = Debug|x64
		Debug|x86 = Debug|x86
		Release|x64 = Release|x64
		Release|x86 = Release|x86
	EndGlobalSection
	GlobalSection(ProjectConfigurationPlatforms) = postSolution
		{70A0B62A-C306-458D-9CB0-A180E93B1252}.Debug|x64.ActiveCfg = Debug|x64
		{70A0B62A-C306-458D-9CB0-A180E93B1252}.Debug|x64.Build.0 = Debug|x64
		{70A0B62A-C306-458D-9CB0-A180E93B1252}.Debug|x86.ActiveCfg = Debug|Win32
		{70A0B62A-C306-458D-9CB0-A180E93B1252}.Debug|x86.Build.0 = Debug|Win32
		{70A0B62A-C306-458D-9CB0-A180E93B1252}.Release|x64.ActiveCfg = Release|x64
		{70A0B62A-C306-458D-9CB0-A180E93B1252}.Release|x64.Build.0 = Release|x64
		{70A0B62A-C306-458D-9CB0-A180E93B1252}.Release|x86.ActiveCfg = Release|Win32
		{70A0B62A-C306-458D-9CB0-A180E93B1252}.Release|x86.Build.0 = Release|Win32
		{D8415984-23D9-4049-AEB3-1934B459CE22}.Debug|x64.ActiveCfg = Debug|x64
		{D8415984-23D9-4049-AEB3-1934B459CE22}.Debug|x64.Build.0 = Debug|x64
		{D8415984-23D9-4049-AEB3-1934B459CE22}.Debug|x86.ActiveCfg = Debug|Win32
		{D8415984-23D9-4049-AEB3-1934B459CE22}.Debug|x86.Build.0 = Debug|Win32
		{D8415984-23D9-4049-AEB3-1934B459CE22}.Release|x64.ActiveCfg = Release|x64
		{D8415984-23D9-4049-AEB3-1934B459CE22}.Release|x64.Build.0 = Release|x64
		{D8415984-23D9-4049-AEB3-1934B459CE22}.Release|x86.ActiveCfg = Release|Win32
		{D8415984-23D9-4049-AEB3-1934B459CE22}.Release|x86.Build.0 = Release|Win32
		{DBFF6F8F-40A7-4CF4-81A8-74A35183DC1E}.Debug|x64.ActiveCfg = Debug|x64
		{DBFF6F8F-40A7-4CF4-81A8-74A35183DC1E}.Debug|x64.Build.0 = Debug|x64
		{DBFF6F8F-40A7-4CF4-81A8-74A35183DC1E}.Debug|x86.ActiveCfg = Debug|Win32
		{DBFF6F8F-40A7-4CF4-81A8-74A35183DC1E}.Debug|x86.Build.0 = Debug|Win32
		{DBFF6F8F-40A7-4CF4-81A8-74A35183DC1E}.Release|x64.ActiveCfg = Release|x64
		{DBFF6F8F-40A7-4CF4-81A8-74A35183DC1E}.Release|x64.Build.0 = Release|x64
		{DBFF6F8F-40A7-4CF4-81A8-74A35183DC1E}.Release|x86.ActiveCfg = Release|Win32
		{DBFF6F8F-40A7-4CF4-81A8-74A35183DC1E}.Release|x86.Build.0 = Release|Win32
		{4FBA407C-D3BC-414D-96D8-4496526388C1}.Debug|x64.ActiveCfg = Debug|x64
		{4FBA407C-D3BC-414D-96D8-4496526388C1}.Debug|x64.Build.0 = Debug|x64
		{4FBA407C-D3BC-414D-96D8-4496526388C1}.Debug|x86.ActiveCfg = Debug|Win32
		{4FBA407C-D3BC-414D-96D8-4496526388C1}.Debug|x86.Build.0 = Debug|Win32
		{4FBA407C-D3BC-414D-96D8-4496526388C1}.Release|x64.ActiveCfg = Release|x64
		{4FBA407C-D3BC-414D-96D8-4496526388C1}.Release|x64.Build.0 = Release|x64
		{4FBA407C-D3BC-414D-96D8-4496526388C1}.Release|x86.ActiveCfg = Release|Win32
		{4FBA407C-D3BC-414D-96D8-4496526388C1}.Release|x86.Build.0 = Release|Win32
		{18514841-14FE-4211-92ED-821E2A5CB586}.Debug|x64.ActiveCfg = Debug|x64
		{18514841-14FE-4211-92ED-821E2A5CB586}.Debug|x64.Build.0 = Debug|x64
		{18514841-14FE-4211-92ED-821E2A5CB586}.Debug|x86.ActiveCfg = Debug|Win32
		{18514841-14FE-4211-92ED-821E2A5CB586}.Debug|x86.Build.0 = Debug|Win32
		{18514841-14FE-4211-92ED-821E2A5CB586}.Release|x64.ActiveCfg = Release|x64
		{18514841-14FE-4211-92ED-821E2A5CB586}.Release|x64.Build.0 = Release|x64
		{18514841-14FE-4211-92ED-821E2A5CB586}.Release|x86.ActiveCfg = Release|Win32
		{18514841-14FE-4211-92ED-821E2A5CB586}.Release|x86.Build.0 = Release|Win32
	EndGlobalSection
	GlobalSection(SolutionProperties) = preSolution
		HideSolutionNode = FALSE
	EndGlobalSection
	GlobalSection(NestedProjects) = preSolution
		{70A0B62A-C306-458D-9CB0-A180E93B1252} = {8491DB73-2721-487E-9480-FC59B0642739}
		{D8415984-23D9-4049-AEB3-1934B459CE22} = {96A8717A-941A-405A-BB51-8821BBD9816F}
		{DBFF6F8F-40A7-4CF4-81A8-74A35183DC1E} = {16D58D49-F508-475F-88BF-02901C2C4F2A}
		{4FBA407C-D3BC-414D-96D8-4496526388C1} = {91CA3731-5E42-475B-BDC0-C8C675D3267F}
		{18514841-14FE-4211-92ED-821E2A5CB586} = {DDA6B5B3-7598-4764-A4B6-D1B68725CADE}
	EndGlobalSection
EndGlobal
