<?xml version="1.0" encoding="utf-8"?>
<Project ToolsVersion="4.0" xmlns="http://schemas.microsoft.com/developer/msbuild/2003">
  <ItemGroup>
    <ClInclude Include="PreCompile.h" />
    <ClInclude Include="EngineWindow.h">
      <Filter>Window</Filter>
    </ClInclude>
    <ClInclude Include="EngineInput.h">
      <Filter>Input</Filter>
    </ClInclude>
    <ClInclude Include="EngineWinImage.h" />
    <ClInclude Include="EngineSound.h">
      <Filter>Sound</Filter>
    </ClInclude>
    <ClInclude Include="ThirdParty\FMOD\Inc\fmod.h">
      <Filter>ThirdParty\FMOD\Inc</Filter>
    </ClInclude>
    <ClInclude Include="ThirdParty\FMOD\Inc\fmod.hpp">
      <Filter>ThirdParty\FMOD\Inc</Filter>
    </ClInclude>
    <ClInclude Include="ThirdParty\FMOD\Inc\fmod_codec.h">
      <Filter>ThirdParty\FMOD\Inc</Filter>
    </ClInclude>
    <ClInclude Include="ThirdParty\FMOD\Inc\fmod_common.h">
      <Filter>ThirdParty\FMOD\Inc</Filter>
    </ClInclude>
    <ClInclude Include="ThirdParty\FMOD\Inc\fmod_dsp.h">
      <Filter>ThirdParty\FMOD\Inc</Filter>
    </ClInclude>
    <ClInclude Include="ThirdParty\FMOD\Inc\fmod_dsp_effects.h">
      <Filter>ThirdParty\FMOD\Inc</Filter>
    </ClInclude>
    <ClInclude Include="ThirdParty\FMOD\Inc\fmod_errors.h">
      <Filter>ThirdParty\FMOD\Inc</Filter>
    </ClInclude>
    <ClInclude Include="ThirdParty\FMOD\Inc\fmod_output.h">
      <Filter>ThirdParty\FMOD\Inc</Filter>
    </ClInclude>
  </ItemGroup>
  <ItemGroup>
    <ClCompile Include="PreCompile.cpp" />
    <ClCompile Include="EngineWindow.cpp">
      <Filter>Window</Filter>
    </ClCompile>
    <ClCompile Include="EngineInput.cpp">
      <Filter>Input</Filter>
    </ClCompile>
    <ClCompile Include="EngineWinImage.cpp" />
    <ClCompile Include="EngineSound.cpp">
      <Filter>Sound</Filter>
    </ClCompile>
  </ItemGroup>
  <ItemGroup>
    <Filter Include="Window">
      <UniqueIdentifier>{76d0b96f-3234-496d-85a4-0036b778fb68}</UniqueIdentifier>
    </Filter>
    <Filter Include="Input">
      <UniqueIdentifier>{0498c6a9-04c2-4b28-a416-af22e6ecf883}</UniqueIdentifier>
    </Filter>
    <Filter Include="ThirdParty">
      <UniqueIdentifier>{01187e11-3559-4e2e-a5d9-b9c1c0c5088d}</UniqueIdentifier>
    </Filter>
    <Filter Include="ThirdParty\FMOD">
      <UniqueIdentifier>{17cab2e3-3f00-436a-a551-f067f88e3dda}</UniqueIdentifier>
    </Filter>
    <Filter Include="ThirdParty\FMOD\Debug">
      <UniqueIdentifier>{fabf8c5e-f939-43c7-afff-6b9676eff89f}</UniqueIdentifier>
    </Filter>
    <Filter Include="ThirdParty\FMOD\Inc">
      <UniqueIdentifier>{3d70f4bd-06b2-4f48-83ce-007d8afdbd98}</UniqueIdentifier>
    </Filter>
    <Filter Include="ThirdParty\FMOD\Release">
      <UniqueIdentifier>{42d78949-da11-4055-b997-a32ffdaf1a5a}</UniqueIdentifier>
    </Filter>
    <Filter Include="Sound">
      <UniqueIdentifier>{c21cc5c1-963d-42ae-a70f-dbceb2ca8c06}</UniqueIdentifier>
    </Filter>
  </ItemGroup>
  <ItemGroup>
    <Library Include="ThirdParty\FMOD\Release\fmod_vc.lib">
      <Filter>ThirdParty\FMOD\Release</Filter>
    </Library>
  </ItemGroup>
  <ItemGroup>
    <CopyFileToFolders Include="ThirdParty\FMOD\Debug\fmodL_vc.lib">
      <Filter>ThirdParty\FMOD\Debug</Filter>
    </CopyFileToFolders>
    <CopyFileToFolders Include="ThirdParty\FMOD\Debug\fmodL.dll">
      <Filter>ThirdParty\FMOD\Debug</Filter>
    </CopyFileToFolders>
    <CopyFileToFolders Include="ThirdParty\FMOD\Release\fmod.dll">
      <Filter>ThirdParty\FMOD\Release</Filter>
    </CopyFileToFolders>
  </ItemGroup>
</Project>