<?xml version="1.0" encoding="utf-8"?>
<Project ToolsVersion="4.0" xmlns="http://schemas.microsoft.com/developer/msbuild/2003">
  <ItemGroup>
    <ClInclude Include="PreCompile.h" />
    <ClInclude Include="ContentsCore.h" />
    <ClInclude Include="TitleGameMode.h">
      <Filter>GameMode</Filter>
    </ClInclude>
    <ClInclude Include="TitleLogo.h">
      <Filter>Title</Filter>
    </ClInclude>
    <ClInclude Include="InGameMode.h">
      <Filter>GameMode</Filter>
    </ClInclude>
    <ClInclude Include="BackGround.h">
      <Filter>InGame</Filter>
    </ClInclude>
    <ClInclude Include="ContentsEnum.h">
      <Filter>Global</Filter>
    </ClInclude>
    <ClInclude Include="TitleBG.h">
      <Filter>Title</Filter>
    </ClInclude>
    <ClInclude Include="EndingGameMode.h">
      <Filter>GameMode</Filter>
    </ClInclude>
    <ClInclude Include="EndingPlayer.h">
      <Filter>Ending</Filter>
    </ClInclude>
    <ClInclude Include="TextBubble.h">
      <Filter>UI</Filter>
    </ClInclude>
    <ClInclude Include="BossGameMode.h">
      <Filter>GameMode</Filter>
    </ClInclude>
    <ClInclude Include="BossBackGround.h">
      <Filter>Boss</Filter>
    </ClInclude>
    <ClInclude Include="BossPlatform.h">
      <Filter>Boss</Filter>
    </ClInclude>
    <ClInclude Include="Mari.h">
      <Filter>Global</Filter>
    </ClInclude>
    <ClInclude Include="Daughter.h">
      <Filter>Global</Filter>
    </ClInclude>
    <ClInclude Include="ContentsEditorGUI.h">
      <Filter>GUI</Filter>
    </ClInclude>
    <ClInclude Include="MapMakerMode.h">
      <Filter>GameMode</Filter>
    </ClInclude>
    <ClInclude Include="BossGameHUD.h">
      <Filter>HUD</Filter>
    </ClInclude>
    <ClInclude Include="Boss.h">
      <Filter>Boss</Filter>
    </ClInclude>
    <ClInclude Include="BodySlap.h">
      <Filter>Boss\BossAttack</Filter>
    </ClInclude>
    <ClInclude Include="BossAttack.h">
      <Filter>Boss\BossAttack</Filter>
    </ClInclude>
    <ClInclude Include="Player.h">
      <Filter>Player</Filter>
    </ClInclude>
    <ClInclude Include="Chain.h">
      <Filter>Player</Filter>
    </ClInclude>
    <ClInclude Include="PlayerVfx.h">
      <Filter>Player</Filter>
    </ClInclude>
    <ClInclude Include="TitlePlayer.h">
      <Filter>Title</Filter>
    </ClInclude>
  </ItemGroup>
  <ItemGroup>
    <ClCompile Include="PreCompile.cpp" />
    <ClCompile Include="ContentsCore.cpp" />
    <ClCompile Include="TitleGameMode.cpp">
      <Filter>GameMode</Filter>
    </ClCompile>
    <ClCompile Include="TitleLogo.cpp">
      <Filter>Title</Filter>
    </ClCompile>
    <ClCompile Include="InGameMode.cpp">
      <Filter>GameMode</Filter>
    </ClCompile>
    <ClCompile Include="BackGround.cpp">
      <Filter>InGame</Filter>
    </ClCompile>
    <ClCompile Include="TitleBG.cpp">
      <Filter>Title</Filter>
    </ClCompile>
    <ClCompile Include="EndingGameMode.cpp">
      <Filter>GameMode</Filter>
    </ClCompile>
    <ClCompile Include="EndingPlayer.cpp">
      <Filter>Ending</Filter>
    </ClCompile>
    <ClCompile Include="TextBubble.cpp">
      <Filter>UI</Filter>
    </ClCompile>
    <ClCompile Include="BossGameMode.cpp">
      <Filter>GameMode</Filter>
    </ClCompile>
    <ClCompile Include="BossBackGround.cpp">
      <Filter>Boss</Filter>
    </ClCompile>
    <ClCompile Include="BossPlatform.cpp">
      <Filter>Boss</Filter>
    </ClCompile>
    <ClCompile Include="Mari.cpp">
      <Filter>Global</Filter>
    </ClCompile>
    <ClCompile Include="Daughter.cpp">
      <Filter>Global</Filter>
    </ClCompile>
    <ClCompile Include="ContentsEditorGUI.cpp">
      <Filter>GUI</Filter>
    </ClCompile>
    <ClCompile Include="MapMakerMode.cpp">
      <Filter>GameMode</Filter>
    </ClCompile>
    <ClCompile Include="ContentsCore_Resources.cpp">
      <Filter>Global</Filter>
    </ClCompile>
    <ClCompile Include="BossGameHUD.cpp">
      <Filter>HUD</Filter>
    </ClCompile>
    <ClCompile Include="Boss.cpp">
      <Filter>Boss</Filter>
    </ClCompile>
    <ClCompile Include="BossScenario.cpp">
      <Filter>Scenario</Filter>
    </ClCompile>
    <ClCompile Include="BodySlap.cpp">
      <Filter>Boss\BossAttack</Filter>
    </ClCompile>
    <ClCompile Include="BossAttack.cpp">
      <Filter>Boss\BossAttack</Filter>
    </ClCompile>
    <ClCompile Include="Player.cpp">
      <Filter>Player</Filter>
    </ClCompile>
    <ClCompile Include="Chain.cpp">
      <Filter>Player</Filter>
    </ClCompile>
    <ClCompile Include="PlayerStateFunction.cpp">
      <Filter>Player</Filter>
    </ClCompile>
    <ClCompile Include="PlayerVfx.cpp">
      <Filter>Player</Filter>
    </ClCompile>
    <ClCompile Include="TitlePlayer.cpp">
      <Filter>Title</Filter>
    </ClCompile>
  </ItemGroup>
  <ItemGroup>
    <Filter Include="GameMode">
      <UniqueIdentifier>{e9532b98-81a7-40af-98f2-5c787ab87f6e}</UniqueIdentifier>
    </Filter>
    <Filter Include="Title">
      <UniqueIdentifier>{a390e6cc-cc26-40e1-b6aa-996f60bc420c}</UniqueIdentifier>
    </Filter>
    <Filter Include="InGame">
      <UniqueIdentifier>{7dfa965d-4c7e-4550-867a-b2607f7187d8}</UniqueIdentifier>
    </Filter>
    <Filter Include="Global">
      <UniqueIdentifier>{e319c592-d0ec-4194-9ad5-b5d9901cf1c7}</UniqueIdentifier>
    </Filter>
    <Filter Include="Ending">
      <UniqueIdentifier>{61becbcd-71f7-4cb1-949c-8b80219ca43c}</UniqueIdentifier>
    </Filter>
    <Filter Include="UI">
      <UniqueIdentifier>{f85dbcc1-7cdd-47a8-833c-e151e68550a7}</UniqueIdentifier>
    </Filter>
    <Filter Include="Boss">
      <UniqueIdentifier>{240d20f1-488a-4bc4-a526-33651fad464b}</UniqueIdentifier>
    </Filter>
    <Filter Include="GUI">
      <UniqueIdentifier>{4d31e018-cd7c-4067-abd4-49ab7f6fb4c5}</UniqueIdentifier>
    </Filter>
    <Filter Include="HUD">
      <UniqueIdentifier>{cb727549-5f0c-4494-8a6f-b15ec08f66ff}</UniqueIdentifier>
    </Filter>
    <Filter Include="Scenario">
      <UniqueIdentifier>{085656f3-3fe9-48d6-953e-ecff790e7871}</UniqueIdentifier>
    </Filter>
    <Filter Include="Boss\BossAttack">
      <UniqueIdentifier>{c3548cd7-54a8-4a3a-bdb8-bb2bbbbb724f}</UniqueIdentifier>
    </Filter>
    <Filter Include="Player">
      <UniqueIdentifier>{2f9b352f-4063-40dc-8291-d269e31993c4}</UniqueIdentifier>
    </Filter>
  </ItemGroup>
</Project>